
Microsoft Visual Studio Solution File, Format Version 12.00
# Visual Studio 15
VisualStudioVersion = 15.0.27428.2027
MinimumVisualStudioVersion = 10.0.40219.1
Project("{FAE04EC0-301F-11D3-BF4B-00C04F79EFBC}") = "test", "test\test.csproj", "{6B2A58E8-868B-4240-9EE4-7A3CC25E5399}"
EndProject
Global
	GlobalSection(SolutionConfigurationPlatforms) = preSolution
		Debug|Any CPU = Debug|Any CPU
		Release|Any CPU = Release|Any CPU
	EndGlobalSection
	GlobalSection(ProjectConfigurationPlatforms) = postSolution
		{6B2A58E8-868B-4240-9EE4-7A3CC25E5399}.Debug|Any CPU.ActiveCfg = Debug|Any CPU
		{6B2A58E8-868B-4240-9EE4-7A3CC25E5399}.Debug|Any CPU.Build.0 = Debug|Any CPU
		{6B2A58E8-868B-4240-9EE4-7A3CC25E5399}.Release|Any CPU.ActiveCfg = Release|Any CPU
		{6B2A58E8-868B-4240-9EE4-7A3CC25E5399}.Release|Any CPU.Build.0 = Release|Any CPU
	EndGlobalSection
	GlobalSection(SolutionProperties) = preSolution
		HideSolutionNode = FALSE
	EndGlobalSection
	GlobalSection(ExtensibilityGlobals) = postSolution
		SolutionGuid = {D88E5F08-BE65-4F24-A49E-D46FE8572BD4}
	EndGlobalSection
EndGlobal
